
Microsoft Visual Studio Solution File, Format Version 12.00
# Visual Studio 14
VisualStudioVersion = 14.0.25420.1
MinimumVisualStudioVersion = 10.0.40219.1
Project("{FAE04EC0-301F-11D3-BF4B-00C04F79EFBC}") = "Xamarians.FacebookLogin", "Xamarians.FacebookLogin\Xamarians.FacebookLogin.csproj", "{67F9D3A8-F71E-4428-913F-C37AE82CDB24}"
EndProject
Project("{FAE04EC0-301F-11D3-BF4B-00C04F79EFBC}") = "Xamarians.FacebookLogin.Droid", "Xamarians.FacebookLogin.Droid\Xamarians.FacebookLogin.Droid.csproj", "{E9B83859-61DC-47D6-8196-2F570C6191F1}"
EndProject
Project("{FAE04EC0-301F-11D3-BF4B-00C04F79EFBC}") = "Xamarians.FacebookLogin.iOS", "Xamarians.FacebookLogin.iOS\Xamarians.FacebookLogin.iOS.csproj", "{D3E47CFC-DC55-460B-9259-B28D7DE138F5}"
EndProject
Project("{D954291E-2A0B-460D-934E-DC6B0785DB48}") = "Sample", "Sample\Sample\Sample.shproj", "{DE0F646A-70B4-46E5-B8B7-B8481D4F6D97}"
EndProject
Project("{FAE04EC0-301F-11D3-BF4B-00C04F79EFBC}") = "Sample.Android", "Sample\Sample.Android\Sample.Android.csproj", "{3010FFAC-284F-4463-8C38-4111AEC3D7F2}"
EndProject
Project("{FAE04EC0-301F-11D3-BF4B-00C04F79EFBC}") = "Sample.iOS", "Sample\Sample.iOS\Sample.iOS.csproj", "{FCA4FC7E-496C-40EA-A6AE-FA81C19EFE47}"
EndProject
Global
	GlobalSection(SharedMSBuildProjectFiles) = preSolution
		Sample\Sample\Sample.projitems*{3010ffac-284f-4463-8c38-4111aec3d7f2}*SharedItemsImports = 4
		Sample\Sample\Sample.projitems*{de0f646a-70b4-46e5-b8b7-b8481d4f6d97}*SharedItemsImports = 13
		Sample\Sample\Sample.projitems*{fca4fc7e-496c-40ea-a6ae-fa81c19efe47}*SharedItemsImports = 4
	EndGlobalSection
	GlobalSection(SolutionConfigurationPlatforms) = preSolution
		Ad-Hoc|Any CPU = Ad-Hoc|Any CPU
		Ad-Hoc|ARM = Ad-Hoc|ARM
		Ad-Hoc|iPhone = Ad-Hoc|iPhone
		Ad-Hoc|iPhoneSimulator = Ad-Hoc|iPhoneSimulator
		Ad-Hoc|x64 = Ad-Hoc|x64
		Ad-Hoc|x86 = Ad-Hoc|x86
		AppStore|Any CPU = AppStore|Any CPU
		AppStore|ARM = AppStore|ARM
		AppStore|iPhone = AppStore|iPhone
		AppStore|iPhoneSimulator = AppStore|iPhoneSimulator
		AppStore|x64 = AppStore|x64
		AppStore|x86 = AppStore|x86
		Debug|Any CPU = Debug|Any CPU
		Debug|ARM = Debug|ARM
		Debug|iPhone = Debug|iPhone
		Debug|iPhoneSimulator = Debug|iPhoneSimulator
		Debug|x64 = Debug|x64
		Debug|x86 = Debug|x86
		Release|Any CPU = Release|Any CPU
		Release|ARM = Release|ARM
		Release|iPhone = Release|iPhone
		Release|iPhoneSimulator = Release|iPhoneSimulator
		Release|x64 = Release|x64
		Release|x86 = Release|x86
	EndGlobalSection
	GlobalSection(ProjectConfigurationPlatforms) = postSolution
		{67F9D3A8-F71E-4428-913F-C37AE82CDB24}.Ad-Hoc|Any CPU.ActiveCfg = Release|Any CPU
		{67F9D3A8-F71E-4428-913F-C37AE82CDB24}.Ad-Hoc|Any CPU.Build.0 = Release|Any CPU
		{67F9D3A8-F71E-4428-913F-C37AE82CDB24}.Ad-Hoc|ARM.ActiveCfg = Release|Any CPU
		{67F9D3A8-F71E-4428-913F-C37AE82CDB24}.Ad-Hoc|ARM.Build.0 = Release|Any CPU
		{67F9D3A8-F71E-4428-913F-C37AE82CDB24}.Ad-Hoc|iPhone.ActiveCfg = Release|Any CPU
		{67F9D3A8-F71E-4428-913F-C37AE82CDB24}.Ad-Hoc|iPhone.Build.0 = Release|Any CPU
		{67F9D3A8-F71E-4428-913F-C37AE82CDB24}.Ad-Hoc|iPhoneSimulator.ActiveCfg = Release|Any CPU
		{67F9D3A8-F71E-4428-913F-C37AE82CDB24}.Ad-Hoc|iPhoneSimulator.Build.0 = Release|Any CPU
		{67F9D3A8-F71E-4428-913F-C37AE82CDB24}.Ad-Hoc|x64.ActiveCfg = Release|Any CPU
		{67F9D3A8-F71E-4428-913F-C37AE82CDB24}.Ad-Hoc|x64.Build.0 = Release|Any CPU
		{67F9D3A8-F71E-4428-913F-C37AE82CDB24}.Ad-Hoc|x86.ActiveCfg = Release|Any CPU
		{67F9D3A8-F71E-4428-913F-C37AE82CDB24}.Ad-Hoc|x86.Build.0 = Release|Any CPU
		{67F9D3A8-F71E-4428-913F-C37AE82CDB24}.AppStore|Any CPU.ActiveCfg = Release|Any CPU
		{67F9D3A8-F71E-4428-913F-C37AE82CDB24}.AppStore|Any CPU.Build.0 = Release|Any CPU
		{67F9D3A8-F71E-4428-913F-C37AE82CDB24}.AppStore|ARM.ActiveCfg = Release|Any CPU
		{67F9D3A8-F71E-4428-913F-C37AE82CDB24}.AppStore|ARM.Build.0 = Release|Any CPU
		{67F9D3A8-F71E-4428-913F-C37AE82CDB24}.AppStore|iPhone.ActiveCfg = Release|Any CPU
		{67F9D3A8-F71E-4428-913F-C37AE82CDB24}.AppStore|iPhone.Build.0 = Release|Any CPU
		{67F9D3A8-F71E-4428-913F-C37AE82CDB24}.AppStore|iPhoneSimulator.ActiveCfg = Release|Any CPU
		{67F9D3A8-F71E-4428-913F-C37AE82CDB24}.AppStore|iPhoneSimulator.Build.0 = Release|Any CPU
		{67F9D3A8-F71E-4428-913F-C37AE82CDB24}.AppStore|x64.ActiveCfg = Release|Any CPU
		{67F9D3A8-F71E-4428-913F-C37AE82CDB24}.AppStore|x64.Build.0 = Release|Any CPU
		{67F9D3A8-F71E-4428-913F-C37AE82CDB24}.AppStore|x86.ActiveCfg = Release|Any CPU
		{67F9D3A8-F71E-4428-913F-C37AE82CDB24}.AppStore|x86.Build.0 = Release|Any CPU
		{67F9D3A8-F71E-4428-913F-C37AE82CDB24}.Debug|Any CPU.ActiveCfg = Debug|Any CPU
		{67F9D3A8-F71E-4428-913F-C37AE82CDB24}.Debug|Any CPU.Build.0 = Debug|Any CPU
		{67F9D3A8-F71E-4428-913F-C37AE82CDB24}.Debug|ARM.ActiveCfg = Debug|Any CPU
		{67F9D3A8-F71E-4428-913F-C37AE82CDB24}.Debug|ARM.Build.0 = Debug|Any CPU
		{67F9D3A8-F71E-4428-913F-C37AE82CDB24}.Debug|iPhone.ActiveCfg = Debug|Any CPU
		{67F9D3A8-F71E-4428-913F-C37AE82CDB24}.Debug|iPhone.Build.0 = Debug|Any CPU
		{67F9D3A8-F71E-4428-913F-C37AE82CDB24}.Debug|iPhoneSimulator.ActiveCfg = Debug|Any CPU
		{67F9D3A8-F71E-4428-913F-C37AE82CDB24}.Debug|iPhoneSimulator.Build.0 = Debug|Any CPU
		{67F9D3A8-F71E-4428-913F-C37AE82CDB24}.Debug|x64.ActiveCfg = Debug|Any CPU
		{67F9D3A8-F71E-4428-913F-C37AE82CDB24}.Debug|x64.Build.0 = Debug|Any CPU
		{67F9D3A8-F71E-4428-913F-C37AE82CDB24}.Debug|x86.ActiveCfg = Debug|Any CPU
		{67F9D3A8-F71E-4428-913F-C37AE82CDB24}.Debug|x86.Build.0 = Debug|Any CPU
		{67F9D3A8-F71E-4428-913F-C37AE82CDB24}.Release|Any CPU.ActiveCfg = Release|Any CPU
		{67F9D3A8-F71E-4428-913F-C37AE82CDB24}.Release|Any CPU.Build.0 = Release|Any CPU
		{67F9D3A8-F71E-4428-913F-C37AE82CDB24}.Release|ARM.ActiveCfg = Release|Any CPU
		{67F9D3A8-F71E-4428-913F-C37AE82CDB24}.Release|ARM.Build.0 = Release|Any CPU
		{67F9D3A8-F71E-4428-913F-C37AE82CDB24}.Release|iPhone.ActiveCfg = Release|Any CPU
		{67F9D3A8-F71E-4428-913F-C37AE82CDB24}.Release|iPhone.Build.0 = Release|Any CPU
		{67F9D3A8-F71E-4428-913F-C37AE82CDB24}.Release|iPhoneSimulator.ActiveCfg = Release|Any CPU
		{67F9D3A8-F71E-4428-913F-C37AE82CDB24}.Release|iPhoneSimulator.Build.0 = Release|Any CPU
		{67F9D3A8-F71E-4428-913F-C37AE82CDB24}.Release|x64.ActiveCfg = Release|Any CPU
		{67F9D3A8-F71E-4428-913F-C37AE82CDB24}.Release|x64.Build.0 = Release|Any CPU
		{67F9D3A8-F71E-4428-913F-C37AE82CDB24}.Release|x86.ActiveCfg = Release|Any CPU
		{67F9D3A8-F71E-4428-913F-C37AE82CDB24}.Release|x86.Build.0 = Release|Any CPU
		{E9B83859-61DC-47D6-8196-2F570C6191F1}.Ad-Hoc|Any CPU.ActiveCfg = Release|Any CPU
		{E9B83859-61DC-47D6-8196-2F570C6191F1}.Ad-Hoc|Any CPU.Build.0 = Release|Any CPU
		{E9B83859-61DC-47D6-8196-2F570C6191F1}.Ad-Hoc|ARM.ActiveCfg = Release|Any CPU
		{E9B83859-61DC-47D6-8196-2F570C6191F1}.Ad-Hoc|ARM.Build.0 = Release|Any CPU
		{E9B83859-61DC-47D6-8196-2F570C6191F1}.Ad-Hoc|iPhone.ActiveCfg = Release|Any CPU
		{E9B83859-61DC-47D6-8196-2F570C6191F1}.Ad-Hoc|iPhone.Build.0 = Release|Any CPU
		{E9B83859-61DC-47D6-8196-2F570C6191F1}.Ad-Hoc|iPhoneSimulator.ActiveCfg = Release|Any CPU
		{E9B83859-61DC-47D6-8196-2F570C6191F1}.Ad-Hoc|iPhoneSimulator.Build.0 = Release|Any CPU
		{E9B83859-61DC-47D6-8196-2F570C6191F1}.Ad-Hoc|x64.ActiveCfg = Release|Any CPU
		{E9B83859-61DC-47D6-8196-2F570C6191F1}.Ad-Hoc|x64.Build.0 = Release|Any CPU
		{E9B83859-61DC-47D6-8196-2F570C6191F1}.Ad-Hoc|x86.ActiveCfg = Release|Any CPU
		{E9B83859-61DC-47D6-8196-2F570C6191F1}.Ad-Hoc|x86.Build.0 = Release|Any CPU
		{E9B83859-61DC-47D6-8196-2F570C6191F1}.AppStore|Any CPU.ActiveCfg = Release|Any CPU
		{E9B83859-61DC-47D6-8196-2F570C6191F1}.AppStore|Any CPU.Build.0 = Release|Any CPU
		{E9B83859-61DC-47D6-8196-2F570C6191F1}.AppStore|ARM.ActiveCfg = Release|Any CPU
		{E9B83859-61DC-47D6-8196-2F570C6191F1}.AppStore|ARM.Build.0 = Release|Any CPU
		{E9B83859-61DC-47D6-8196-2F570C6191F1}.AppStore|iPhone.ActiveCfg = Release|Any CPU
		{E9B83859-61DC-47D6-8196-2F570C6191F1}.AppStore|iPhone.Build.0 = Release|Any CPU
		{E9B83859-61DC-47D6-8196-2F570C6191F1}.AppStore|iPhoneSimulator.ActiveCfg = Release|Any CPU
		{E9B83859-61DC-47D6-8196-2F570C6191F1}.AppStore|iPhoneSimulator.Build.0 = Release|Any CPU
		{E9B83859-61DC-47D6-8196-2F570C6191F1}.AppStore|x64.ActiveCfg = Release|Any CPU
		{E9B83859-61DC-47D6-8196-2F570C6191F1}.AppStore|x64.Build.0 = Release|Any CPU
		{E9B83859-61DC-47D6-8196-2F570C6191F1}.AppStore|x86.ActiveCfg = Release|Any CPU
		{E9B83859-61DC-47D6-8196-2F570C6191F1}.AppStore|x86.Build.0 = Release|Any CPU
		{E9B83859-61DC-47D6-8196-2F570C6191F1}.Debug|Any CPU.ActiveCfg = Debug|Any CPU
		{E9B83859-61DC-47D6-8196-2F570C6191F1}.Debug|Any CPU.Build.0 = Debug|Any CPU
		{E9B83859-61DC-47D6-8196-2F570C6191F1}.Debug|ARM.ActiveCfg = Debug|Any CPU
		{E9B83859-61DC-47D6-8196-2F570C6191F1}.Debug|ARM.Build.0 = Debug|Any CPU
		{E9B83859-61DC-47D6-8196-2F570C6191F1}.Debug|iPhone.ActiveCfg = Debug|Any CPU
		{E9B83859-61DC-47D6-8196-2F570C6191F1}.Debug|iPhone.Build.0 = Debug|Any CPU
		{E9B83859-61DC-47D6-8196-2F570C6191F1}.Debug|iPhoneSimulator.ActiveCfg = Debug|Any CPU
		{E9B83859-61DC-47D6-8196-2F570C6191F1}.Debug|iPhoneSimulator.Build.0 = Debug|Any CPU
		{E9B83859-61DC-47D6-8196-2F570C6191F1}.Debug|x64.ActiveCfg = Debug|Any CPU
		{E9B83859-61DC-47D6-8196-2F570C6191F1}.Debug|x64.Build.0 = Debug|Any CPU
		{E9B83859-61DC-47D6-8196-2F570C6191F1}.Debug|x86.ActiveCfg = Debug|Any CPU
		{E9B83859-61DC-47D6-8196-2F570C6191F1}.Debug|x86.Build.0 = Debug|Any CPU
		{E9B83859-61DC-47D6-8196-2F570C6191F1}.Release|Any CPU.ActiveCfg = Release|Any CPU
		{E9B83859-61DC-47D6-8196-2F570C6191F1}.Release|Any CPU.Build.0 = Release|Any CPU
		{E9B83859-61DC-47D6-8196-2F570C6191F1}.Release|ARM.ActiveCfg = Release|Any CPU
		{E9B83859-61DC-47D6-8196-2F570C6191F1}.Release|ARM.Build.0 = Release|Any CPU
		{E9B83859-61DC-47D6-8196-2F570C6191F1}.Release|iPhone.ActiveCfg = Release|Any CPU
		{E9B83859-61DC-47D6-8196-2F570C6191F1}.Release|iPhone.Build.0 = Release|Any CPU
		{E9B83859-61DC-47D6-8196-2F570C6191F1}.Release|iPhoneSimulator.ActiveCfg = Release|Any CPU
		{E9B83859-61DC-47D6-8196-2F570C6191F1}.Release|iPhoneSimulator.Build.0 = Release|Any CPU
		{E9B83859-61DC-47D6-8196-2F570C6191F1}.Release|x64.ActiveCfg = Release|Any CPU
		{E9B83859-61DC-47D6-8196-2F570C6191F1}.Release|x64.Build.0 = Release|Any CPU
		{E9B83859-61DC-47D6-8196-2F570C6191F1}.Release|x86.ActiveCfg = Release|Any CPU
		{E9B83859-61DC-47D6-8196-2F570C6191F1}.Release|x86.Build.0 = Release|Any CPU
		{D3E47CFC-DC55-460B-9259-B28D7DE138F5}.Ad-Hoc|Any CPU.ActiveCfg = Release|Any CPU
		{D3E47CFC-DC55-460B-9259-B28D7DE138F5}.Ad-Hoc|Any CPU.Build.0 = Release|Any CPU
		{D3E47CFC-DC55-460B-9259-B28D7DE138F5}.Ad-Hoc|ARM.ActiveCfg = Release|Any CPU
		{D3E47CFC-DC55-460B-9259-B28D7DE138F5}.Ad-Hoc|ARM.Build.0 = Release|Any CPU
		{D3E47CFC-DC55-460B-9259-B28D7DE138F5}.Ad-Hoc|iPhone.ActiveCfg = Release|Any CPU
		{D3E47CFC-DC55-460B-9259-B28D7DE138F5}.Ad-Hoc|iPhone.Build.0 = Release|Any CPU
		{D3E47CFC-DC55-460B-9259-B28D7DE138F5}.Ad-Hoc|iPhoneSimulator.ActiveCfg = Release|Any CPU
		{D3E47CFC-DC55-460B-9259-B28D7DE138F5}.Ad-Hoc|iPhoneSimulator.Build.0 = Release|Any CPU
		{D3E47CFC-DC55-460B-9259-B28D7DE138F5}.Ad-Hoc|x64.ActiveCfg = Release|Any CPU
		{D3E47CFC-DC55-460B-9259-B28D7DE138F5}.Ad-Hoc|x64.Build.0 = Release|Any CPU
		{D3E47CFC-DC55-460B-9259-B28D7DE138F5}.Ad-Hoc|x86.ActiveCfg = Release|Any CPU
		{D3E47CFC-DC55-460B-9259-B28D7DE138F5}.Ad-Hoc|x86.Build.0 = Release|Any CPU
		{D3E47CFC-DC55-460B-9259-B28D7DE138F5}.AppStore|Any CPU.ActiveCfg = Release|Any CPU
		{D3E47CFC-DC55-460B-9259-B28D7DE138F5}.AppStore|Any CPU.Build.0 = Release|Any CPU
		{D3E47CFC-DC55-460B-9259-B28D7DE138F5}.AppStore|ARM.ActiveCfg = Release|Any CPU
		{D3E47CFC-DC55-460B-9259-B28D7DE138F5}.AppStore|ARM.Build.0 = Release|Any CPU
		{D3E47CFC-DC55-460B-9259-B28D7DE138F5}.AppStore|iPhone.ActiveCfg = Release|Any CPU
		{D3E47CFC-DC55-460B-9259-B28D7DE138F5}.AppStore|iPhone.Build.0 = Release|Any CPU
		{D3E47CFC-DC55-460B-9259-B28D7DE138F5}.AppStore|iPhoneSimulator.ActiveCfg = Release|Any CPU
		{D3E47CFC-DC55-460B-9259-B28D7DE138F5}.AppStore|iPhoneSimulator.Build.0 = Release|Any CPU
		{D3E47CFC-DC55-460B-9259-B28D7DE138F5}.AppStore|x64.ActiveCfg = Release|Any CPU
		{D3E47CFC-DC55-460B-9259-B28D7DE138F5}.AppStore|x64.Build.0 = Release|Any CPU
		{D3E47CFC-DC55-460B-9259-B28D7DE138F5}.AppStore|x86.ActiveCfg = Release|Any CPU
		{D3E47CFC-DC55-460B-9259-B28D7DE138F5}.AppStore|x86.Build.0 = Release|Any CPU
		{D3E47CFC-DC55-460B-9259-B28D7DE138F5}.Debug|Any CPU.ActiveCfg = Debug|Any CPU
		{D3E47CFC-DC55-460B-9259-B28D7DE138F5}.Debug|Any CPU.Build.0 = Debug|Any CPU
		{D3E47CFC-DC55-460B-9259-B28D7DE138F5}.Debug|ARM.ActiveCfg = Debug|Any CPU
		{D3E47CFC-DC55-460B-9259-B28D7DE138F5}.Debug|ARM.Build.0 = Debug|Any CPU
		{D3E47CFC-DC55-460B-9259-B28D7DE138F5}.Debug|iPhone.ActiveCfg = Debug|Any CPU
		{D3E47CFC-DC55-460B-9259-B28D7DE138F5}.Debug|iPhone.Build.0 = Debug|Any CPU
		{D3E47CFC-DC55-460B-9259-B28D7DE138F5}.Debug|iPhoneSimulator.ActiveCfg = Debug|Any CPU
		{D3E47CFC-DC55-460B-9259-B28D7DE138F5}.Debug|iPhoneSimulator.Build.0 = Debug|Any CPU
		{D3E47CFC-DC55-460B-9259-B28D7DE138F5}.Debug|x64.ActiveCfg = Debug|Any CPU
		{D3E47CFC-DC55-460B-9259-B28D7DE138F5}.Debug|x64.Build.0 = Debug|Any CPU
		{D3E47CFC-DC55-460B-9259-B28D7DE138F5}.Debug|x86.ActiveCfg = Debug|Any CPU
		{D3E47CFC-DC55-460B-9259-B28D7DE138F5}.Debug|x86.Build.0 = Debug|Any CPU
		{D3E47CFC-DC55-460B-9259-B28D7DE138F5}.Release|Any CPU.ActiveCfg = Release|Any CPU
		{D3E47CFC-DC55-460B-9259-B28D7DE138F5}.Release|Any CPU.Build.0 = Release|Any CPU
		{D3E47CFC-DC55-460B-9259-B28D7DE138F5}.Release|ARM.ActiveCfg = Release|Any CPU
		{D3E47CFC-DC55-460B-9259-B28D7DE138F5}.Release|ARM.Build.0 = Release|Any CPU
		{D3E47CFC-DC55-460B-9259-B28D7DE138F5}.Release|iPhone.ActiveCfg = Release|Any CPU
		{D3E47CFC-DC55-460B-9259-B28D7DE138F5}.Release|iPhone.Build.0 = Release|Any CPU
		{D3E47CFC-DC55-460B-9259-B28D7DE138F5}.Release|iPhoneSimulator.ActiveCfg = Release|Any CPU
		{D3E47CFC-DC55-460B-9259-B28D7DE138F5}.Release|iPhoneSimulator.Build.0 = Release|Any CPU
		{D3E47CFC-DC55-460B-9259-B28D7DE138F5}.Release|x64.ActiveCfg = Release|Any CPU
		{D3E47CFC-DC55-460B-9259-B28D7DE138F5}.Release|x64.Build.0 = Release|Any CPU
		{D3E47CFC-DC55-460B-9259-B28D7DE138F5}.Release|x86.ActiveCfg = Release|Any CPU
		{D3E47CFC-DC55-460B-9259-B28D7DE138F5}.Release|x86.Build.0 = Release|Any CPU
		{3010FFAC-284F-4463-8C38-4111AEC3D7F2}.Ad-Hoc|Any CPU.ActiveCfg = Release|Any CPU
		{3010FFAC-284F-4463-8C38-4111AEC3D7F2}.Ad-Hoc|Any CPU.Build.0 = Release|Any CPU
		{3010FFAC-284F-4463-8C38-4111AEC3D7F2}.Ad-Hoc|Any CPU.Deploy.0 = Release|Any CPU
		{3010FFAC-284F-4463-8C38-4111AEC3D7F2}.Ad-Hoc|ARM.ActiveCfg = Release|Any CPU
		{3010FFAC-284F-4463-8C38-4111AEC3D7F2}.Ad-Hoc|ARM.Build.0 = Release|Any CPU
		{3010FFAC-284F-4463-8C38-4111AEC3D7F2}.Ad-Hoc|ARM.Deploy.0 = Release|Any CPU
		{3010FFAC-284F-4463-8C38-4111AEC3D7F2}.Ad-Hoc|iPhone.ActiveCfg = Release|Any CPU
		{3010FFAC-284F-4463-8C38-4111AEC3D7F2}.Ad-Hoc|iPhone.Build.0 = Release|Any CPU
		{3010FFAC-284F-4463-8C38-4111AEC3D7F2}.Ad-Hoc|iPhone.Deploy.0 = Release|Any CPU
		{3010FFAC-284F-4463-8C38-4111AEC3D7F2}.Ad-Hoc|iPhoneSimulator.ActiveCfg = Release|Any CPU
		{3010FFAC-284F-4463-8C38-4111AEC3D7F2}.Ad-Hoc|iPhoneSimulator.Build.0 = Release|Any CPU
		{3010FFAC-284F-4463-8C38-4111AEC3D7F2}.Ad-Hoc|iPhoneSimulator.Deploy.0 = Release|Any CPU
		{3010FFAC-284F-4463-8C38-4111AEC3D7F2}.Ad-Hoc|x64.ActiveCfg = Release|Any CPU
		{3010FFAC-284F-4463-8C38-4111AEC3D7F2}.Ad-Hoc|x64.Build.0 = Release|Any CPU
		{3010FFAC-284F-4463-8C38-4111AEC3D7F2}.Ad-Hoc|x64.Deploy.0 = Release|Any CPU
		{3010FFAC-284F-4463-8C38-4111AEC3D7F2}.Ad-Hoc|x86.ActiveCfg = Release|Any CPU
		{3010FFAC-284F-4463-8C38-4111AEC3D7F2}.Ad-Hoc|x86.Build.0 = Release|Any CPU
		{3010FFAC-284F-4463-8C38-4111AEC3D7F2}.Ad-Hoc|x86.Deploy.0 = Release|Any CPU
		{3010FFAC-284F-4463-8C38-4111AEC3D7F2}.AppStore|Any CPU.ActiveCfg = Release|Any CPU
		{3010FFAC-284F-4463-8C38-4111AEC3D7F2}.AppStore|Any CPU.Build.0 = Release|Any CPU
		{3010FFAC-284F-4463-8C38-4111AEC3D7F2}.AppStore|Any CPU.Deploy.0 = Release|Any CPU
		{3010FFAC-284F-4463-8C38-4111AEC3D7F2}.AppStore|ARM.ActiveCfg = Release|Any CPU
		{3010FFAC-284F-4463-8C38-4111AEC3D7F2}.AppStore|ARM.Build.0 = Release|Any CPU
		{3010FFAC-284F-4463-8C38-4111AEC3D7F2}.AppStore|ARM.Deploy.0 = Release|Any CPU
		{3010FFAC-284F-4463-8C38-4111AEC3D7F2}.AppStore|iPhone.ActiveCfg = Release|Any CPU
		{3010FFAC-284F-4463-8C38-4111AEC3D7F2}.AppStore|iPhone.Build.0 = Release|Any CPU
		{3010FFAC-284F-4463-8C38-4111AEC3D7F2}.AppStore|iPhone.Deploy.0 = Release|Any CPU
		{3010FFAC-284F-4463-8C38-4111AEC3D7F2}.AppStore|iPhoneSimulator.ActiveCfg = Release|Any CPU
		{3010FFAC-284F-4463-8C38-4111AEC3D7F2}.AppStore|iPhoneSimulator.Build.0 = Release|Any CPU
		{3010FFAC-284F-4463-8C38-4111AEC3D7F2}.AppStore|iPhoneSimulator.Deploy.0 = Release|Any CPU
		{3010FFAC-284F-4463-8C38-4111AEC3D7F2}.AppStore|x64.ActiveCfg = Release|Any CPU
		{3010FFAC-284F-4463-8C38-4111AEC3D7F2}.AppStore|x64.Build.0 = Release|Any CPU
		{3010FFAC-284F-4463-8C38-4111AEC3D7F2}.AppStore|x64.Deploy.0 = Release|Any CPU
		{3010FFAC-284F-4463-8C38-4111AEC3D7F2}.AppStore|x86.ActiveCfg = Release|Any CPU
		{3010FFAC-284F-4463-8C38-4111AEC3D7F2}.AppStore|x86.Build.0 = Release|Any CPU
		{3010FFAC-284F-4463-8C38-4111AEC3D7F2}.AppStore|x86.Deploy.0 = Release|Any CPU
		{3010FFAC-284F-4463-8C38-4111AEC3D7F2}.Debug|Any CPU.ActiveCfg = Debug|Any CPU
		{3010FFAC-284F-4463-8C38-4111AEC3D7F2}.Debug|Any CPU.Build.0 = Debug|Any CPU
		{3010FFAC-284F-4463-8C38-4111AEC3D7F2}.Debug|Any CPU.Deploy.0 = Debug|Any CPU
		{3010FFAC-284F-4463-8C38-4111AEC3D7F2}.Debug|ARM.ActiveCfg = Debug|Any CPU
		{3010FFAC-284F-4463-8C38-4111AEC3D7F2}.Debug|ARM.Build.0 = Debug|Any CPU
		{3010FFAC-284F-4463-8C38-4111AEC3D7F2}.Debug|ARM.Deploy.0 = Debug|Any CPU
		{3010FFAC-284F-4463-8C38-4111AEC3D7F2}.Debug|iPhone.ActiveCfg = Debug|Any CPU
		{3010FFAC-284F-4463-8C38-4111AEC3D7F2}.Debug|iPhone.Build.0 = Debug|Any CPU
		{3010FFAC-284F-4463-8C38-4111AEC3D7F2}.Debug|iPhone.Deploy.0 = Debug|Any CPU
		{3010FFAC-284F-4463-8C38-4111AEC3D7F2}.Debug|iPhoneSimulator.ActiveCfg = Debug|Any CPU
		{3010FFAC-284F-4463-8C38-4111AEC3D7F2}.Debug|iPhoneSimulator.Build.0 = Debug|Any CPU
		{3010FFAC-284F-4463-8C38-4111AEC3D7F2}.Debug|iPhoneSimulator.Deploy.0 = Debug|Any CPU
		{3010FFAC-284F-4463-8C38-4111AEC3D7F2}.Debug|x64.ActiveCfg = Debug|Any CPU
		{3010FFAC-284F-4463-8C38-4111AEC3D7F2}.Debug|x64.Build.0 = Debug|Any CPU
		{3010FFAC-284F-4463-8C38-4111AEC3D7F2}.Debug|x64.Deploy.0 = Debug|Any CPU
		{3010FFAC-284F-4463-8C38-4111AEC3D7F2}.Debug|x86.ActiveCfg = Debug|Any CPU
		{3010FFAC-284F-4463-8C38-4111AEC3D7F2}.Debug|x86.Build.0 = Debug|Any CPU
		{3010FFAC-284F-4463-8C38-4111AEC3D7F2}.Debug|x86.Deploy.0 = Debug|Any CPU
		{3010FFAC-284F-4463-8C38-4111AEC3D7F2}.Release|Any CPU.ActiveCfg = Release|Any CPU
		{3010FFAC-284F-4463-8C38-4111AEC3D7F2}.Release|Any CPU.Build.0 = Release|Any CPU
		{3010FFAC-284F-4463-8C38-4111AEC3D7F2}.Release|Any CPU.Deploy.0 = Release|Any CPU
		{3010FFAC-284F-4463-8C38-4111AEC3D7F2}.Release|ARM.ActiveCfg = Release|Any CPU
		{3010FFAC-284F-4463-8C38-4111AEC3D7F2}.Release|ARM.Build.0 = Release|Any CPU
		{3010FFAC-284F-4463-8C38-4111AEC3D7F2}.Release|ARM.Deploy.0 = Release|Any CPU
		{3010FFAC-284F-4463-8C38-4111AEC3D7F2}.Release|iPhone.ActiveCfg = Release|Any CPU
		{3010FFAC-284F-4463-8C38-4111AEC3D7F2}.Release|iPhone.Build.0 = Release|Any CPU
		{3010FFAC-284F-4463-8C38-4111AEC3D7F2}.Release|iPhone.Deploy.0 = Release|Any CPU
		{3010FFAC-284F-4463-8C38-4111AEC3D7F2}.Release|iPhoneSimulator.ActiveCfg = Release|Any CPU
		{3010FFAC-284F-4463-8C38-4111AEC3D7F2}.Release|iPhoneSimulator.Build.0 = Release|Any CPU
		{3010FFAC-284F-4463-8C38-4111AEC3D7F2}.Release|iPhoneSimulator.Deploy.0 = Release|Any CPU
		{3010FFAC-284F-4463-8C38-4111AEC3D7F2}.Release|x64.ActiveCfg = Release|Any CPU
		{3010FFAC-284F-4463-8C38-4111AEC3D7F2}.Release|x64.Build.0 = Release|Any CPU
		{3010FFAC-284F-4463-8C38-4111AEC3D7F2}.Release|x64.Deploy.0 = Release|Any CPU
		{3010FFAC-284F-4463-8C38-4111AEC3D7F2}.Release|x86.ActiveCfg = Release|Any CPU
		{3010FFAC-284F-4463-8C38-4111AEC3D7F2}.Release|x86.Build.0 = Release|Any CPU
		{3010FFAC-284F-4463-8C38-4111AEC3D7F2}.Release|x86.Deploy.0 = Release|Any CPU
		{FCA4FC7E-496C-40EA-A6AE-FA81C19EFE47}.Ad-Hoc|Any CPU.ActiveCfg = Ad-Hoc|iPhone
		{FCA4FC7E-496C-40EA-A6AE-FA81C19EFE47}.Ad-Hoc|ARM.ActiveCfg = Ad-Hoc|iPhone
		{FCA4FC7E-496C-40EA-A6AE-FA81C19EFE47}.Ad-Hoc|iPhone.ActiveCfg = Ad-Hoc|iPhone
		{FCA4FC7E-496C-40EA-A6AE-FA81C19EFE47}.Ad-Hoc|iPhone.Build.0 = Ad-Hoc|iPhone
		{FCA4FC7E-496C-40EA-A6AE-FA81C19EFE47}.Ad-Hoc|iPhoneSimulator.ActiveCfg = Ad-Hoc|iPhoneSimulator
		{FCA4FC7E-496C-40EA-A6AE-FA81C19EFE47}.Ad-Hoc|iPhoneSimulator.Build.0 = Ad-Hoc|iPhoneSimulator
		{FCA4FC7E-496C-40EA-A6AE-FA81C19EFE47}.Ad-Hoc|x64.ActiveCfg = Ad-Hoc|iPhone
		{FCA4FC7E-496C-40EA-A6AE-FA81C19EFE47}.Ad-Hoc|x86.ActiveCfg = Ad-Hoc|iPhone
		{FCA4FC7E-496C-40EA-A6AE-FA81C19EFE47}.AppStore|Any CPU.ActiveCfg = AppStore|iPhone
		{FCA4FC7E-496C-40EA-A6AE-FA81C19EFE47}.AppStore|ARM.ActiveCfg = AppStore|iPhone
		{FCA4FC7E-496C-40EA-A6AE-FA81C19EFE47}.AppStore|iPhone.ActiveCfg = AppStore|iPhone
		{FCA4FC7E-496C-40EA-A6AE-FA81C19EFE47}.AppStore|iPhone.Build.0 = AppStore|iPhone
		{FCA4FC7E-496C-40EA-A6AE-FA81C19EFE47}.AppStore|iPhoneSimulator.ActiveCfg = AppStore|iPhoneSimulator
		{FCA4FC7E-496C-40EA-A6AE-FA81C19EFE47}.AppStore|iPhoneSimulator.Build.0 = AppStore|iPhoneSimulator
		{FCA4FC7E-496C-40EA-A6AE-FA81C19EFE47}.AppStore|x64.ActiveCfg = AppStore|iPhone
		{FCA4FC7E-496C-40EA-A6AE-FA81C19EFE47}.AppStore|x86.ActiveCfg = AppStore|iPhone
		{FCA4FC7E-496C-40EA-A6AE-FA81C19EFE47}.Debug|Any CPU.ActiveCfg = Debug|iPhone
		{FCA4FC7E-496C-40EA-A6AE-FA81C19EFE47}.Debug|ARM.ActiveCfg = Debug|iPhone
		{FCA4FC7E-496C-40EA-A6AE-FA81C19EFE47}.Debug|iPhone.ActiveCfg = Debug|iPhone
		{FCA4FC7E-496C-40EA-A6AE-FA81C19EFE47}.Debug|iPhone.Build.0 = Debug|iPhone
		{FCA4FC7E-496C-40EA-A6AE-FA81C19EFE47}.Debug|iPhoneSimulator.ActiveCfg = Debug|iPhoneSimulator
		{FCA4FC7E-496C-40EA-A6AE-FA81C19EFE47}.Debug|iPhoneSimulator.Build.0 = Debug|iPhoneSimulator
		{FCA4FC7E-496C-40EA-A6AE-FA81C19EFE47}.Debug|x64.ActiveCfg = Debug|iPhone
		{FCA4FC7E-496C-40EA-A6AE-FA81C19EFE47}.Debug|x86.ActiveCfg = Debug|iPhone
		{FCA4FC7E-496C-40EA-A6AE-FA81C19EFE47}.Release|Any CPU.ActiveCfg = Release|iPhone
		{FCA4FC7E-496C-40EA-A6AE-FA81C19EFE47}.Release|ARM.ActiveCfg = Release|iPhone
		{FCA4FC7E-496C-40EA-A6AE-FA81C19EFE47}.Release|iPhone.ActiveCfg = Release|iPhone
		{FCA4FC7E-496C-40EA-A6AE-FA81C19EFE47}.Release|iPhone.Build.0 = Release|iPhone
		{FCA4FC7E-496C-40EA-A6AE-FA81C19EFE47}.Release|iPhoneSimulator.ActiveCfg = Release|iPhoneSimulator
		{FCA4FC7E-496C-40EA-A6AE-FA81C19EFE47}.Release|iPhoneSimulator.Build.0 = Release|iPhoneSimulator
		{FCA4FC7E-496C-40EA-A6AE-FA81C19EFE47}.Release|x64.ActiveCfg = Release|iPhone
		{FCA4FC7E-496C-40EA-A6AE-FA81C19EFE47}.Release|x86.ActiveCfg = Release|iPhone
	EndGlobalSection
	GlobalSection(SolutionProperties) = preSolution
		HideSolutionNode = FALSE
	EndGlobalSection
EndGlobal
